<?xml version="1.0" encoding="utf-8"?>
<Project ToolsVersion="4.0" xmlns="http://schemas.microsoft.com/developer/msbuild/2003">
  <ItemGroup>
    <Filter Include="source">
      <UniqueIdentifier>{3eebde32-337a-4006-aa28-99a23c601102}</UniqueIdentifier>
      <Extensions>cpp;c;cxx;def;odl;idl;hpj;bat;asm</Extensions>
    </Filter>
    <Filter Include="include">
      <UniqueIdentifier>{a54a95c5-c5fc-4ef1-9977-91f39716a894}</UniqueIdentifier>
      <Extensions>h;hpp;hxx;hm;inl;inc</Extensions>
    </Filter>
    <Filter Include="resource">
      <UniqueIdentifier>{b835a471-e512-4d79-8347-7086c384dead}</UniqueIdentifier>
      <Extensions>rc;ico;cur;bmp;dlg;rc2;rct;bin;rgs;jpg;jpeg;jpe;png;manifest</Extensions>
    </Filter>
  </ItemGroup>
  <ItemGroup>
    <Image Include="res\Thermite.ico">
      <Filter>resource</Filter>
    </Image>
    <Image Include="..\Resources\CloseSelected.png">
      <Filter>resource</Filter>
    </Image>
    <Image Include="..\Resources\CloseNormal.png">
      <Filter>resource</Filter>
    </Image>
    <Image Include="..\Resources\HelloWorld.png">
      <Filter>resource</Filter>
    </Image>
    <Image Include="..\..\..\..\..\GitHub\Thermite\Thermite\Resources\square.png">
      <Filter>resource</Filter>
    </Image>
    <Image Include="..\..\..\..\..\GitHub\Thermite\Thermite\Resources\SpriteSheets\retarded-block.gif">
      <Filter>resource</Filter>
    </Image>
    <Image Include="..\Resources\farm_ville_facebook_games_backgrounds.jpg">
      <Filter>resource</Filter>
    </Image>
  </ItemGroup>
  <ItemGroup>
    <ResourceCompile Include="Thermite.rc">
      <Filter>resource</Filter>
    </ResourceCompile>
  </ItemGroup>
  <ItemGroup>
    <ClInclude Include="resource.h">
      <Filter>include</Filter>
    </ClInclude>
    <ClInclude Include="main.h">
      <Filter>include</Filter>
    </ClInclude>
    <ClInclude Include="..\Classes\AppDelegate.h">
      <Filter>include</Filter>
    </ClInclude>
    <ClInclude Include="..\..\..\..\..\GitHub\Thermite\Thermite\b2DebugDraw.h">
      <Filter>include</Filter>
    </ClInclude>
    <ClInclude Include="..\..\..\..\..\GitHub\Thermite\Thermite\b2Separator.h">
      <Filter>include</Filter>
    </ClInclude>
    <ClInclude Include="..\..\..\..\..\GitHub\Thermite\Thermite\Bomb.h">
      <Filter>include</Filter>
    </ClInclude>
    <ClInclude Include="..\..\..\..\..\GitHub\Thermite\Thermite\BoxDebugLayer.h">
      <Filter>include</Filter>
    </ClInclude>
    <ClInclude Include="..\..\..\..\..\GitHub\Thermite\Thermite\BuildingBlock.h">
      <Filter>include</Filter>
    </ClInclude>
    <ClInclude Include="..\..\..\..\..\GitHub\Thermite\Thermite\CCBox2DLayer.h">
      <Filter>include</Filter>
    </ClInclude>
    <ClInclude Include="..\..\..\..\..\GitHub\Thermite\Thermite\GLESDebugDraw.h">
      <Filter>include</Filter>
    </ClInclude>
    <ClInclude Include="..\..\..\..\..\GitHub\Thermite\Thermite\GLESRender.h">
      <Filter>include</Filter>
    </ClInclude>
    <ClInclude Include="..\..\..\..\..\GitHub\Thermite\Thermite\LegoBomb.h">
      <Filter>include</Filter>
    </ClInclude>
    <ClInclude Include="..\..\..\..\..\GitHub\Thermite\Thermite\PhysicsSprite.h">
      <Filter>include</Filter>
    </ClInclude>
    <ClInclude Include="..\..\..\..\..\GitHub\Thermite\Thermite\Sandbox.h">
      <Filter>include</Filter>
    </ClInclude>
    <ClInclude Include="..\..\..\..\..\GitHub\Thermite\Thermite\Breakable.h">
      <Filter>include</Filter>
    </ClInclude>
    <ClInclude Include="..\..\..\..\..\GitHub\Thermite\Thermite\Prototype.h">
      <Filter>include</Filter>
    </ClInclude>
    <ClInclude Include="..\..\..\..\..\GitHub\Thermite\Thermite\QueryCallback.h">
      <Filter>include</Filter>
    </ClInclude>
  </ItemGroup>
  <ItemGroup>
    <ClCompile Include="main.cpp">
      <Filter>source</Filter>
    </ClCompile>
    <ClCompile Include="..\Classes\AppDelegate.cpp">
      <Filter>source</Filter>
    </ClCompile>
    <ClCompile Include="..\..\..\..\..\GitHub\Thermite\Thermite\b2DebugDraw.cpp">
      <Filter>source</Filter>
    </ClCompile>
    <ClCompile Include="..\..\..\..\..\GitHub\Thermite\Thermite\b2Separator.cpp">
      <Filter>source</Filter>
    </ClCompile>
    <ClCompile Include="..\..\..\..\..\GitHub\Thermite\Thermite\Bomb.cpp">
      <Filter>source</Filter>
    </ClCompile>
    <ClCompile Include="..\..\..\..\..\GitHub\Thermite\Thermite\BuildingBlock.cpp">
      <Filter>source</Filter>
    </ClCompile>
    <ClCompile Include="..\..\..\..\..\GitHub\Thermite\Thermite\CCBox2DLayer.cpp">
      <Filter>source</Filter>
    </ClCompile>
    <ClCompile Include="..\..\..\..\..\GitHub\Thermite\Thermite\GLESDebugDraw.cpp">
      <Filter>source</Filter>
    </ClCompile>
    <ClCompile Include="..\..\..\..\..\GitHub\Thermite\Thermite\LegoBomb.cpp">
      <Filter>source</Filter>
    </ClCompile>
    <ClCompile Include="..\..\..\..\..\GitHub\Thermite\Thermite\PhysicsSprite.cpp">
      <Filter>source</Filter>
    </ClCompile>
    <ClCompile Include="..\..\..\..\..\GitHub\Thermite\Thermite\Sandbox.cpp">
      <Filter>source</Filter>
    </ClCompile>
    <ClCompile Include="..\..\..\..\..\GitHub\Thermite\Thermite\Breakable.cpp">
      <Filter>source</Filter>
    </ClCompile>
    <ClCompile Include="..\..\..\..\..\GitHub\Thermite\Thermite\Prototype.cpp">
      <Filter>source</Filter>
    </ClCompile>
  </ItemGroup>
  <ItemGroup>
    <None Include="..\..\..\..\..\GitHub\Thermite\Thermite\BoxDebugLayer.mm">
      <Filter>source</Filter>
    </None>
    <None Include="..\..\..\..\..\GitHub\Thermite\Thermite\GLESRender.mm">
      <Filter>source</Filter>
    </None>
    <None Include="..\..\..\..\..\GitHub\Thermite\Thermite\Prefix.pch">
      <Filter>include</Filter>
    </None>
    <None Include="..\Resources\bg.plist">
      <Filter>resource</Filter>
    </None>
    <None Include="..\Resources\Thermite.plist">
      <Filter>resource</Filter>
    </None>
    <None Include="..\Resources\Thermite.pvr.ccz">
      <Filter>resource</Filter>
    </None>
    <None Include="..\Resources\bg.pvr.ccz">
      <Filter>resource</Filter>
    </None>
  </ItemGroup>
</Project>